// !$*UTF8*$!
{
	archiveVersion = 1;
	classes = {
	};
	objectVersion = 50;
	objects = {

/* Begin PBXBuildFile section */
		0C0D207D21D658D7006E1C55 /* AppDelegate.swift in Sources */ = {isa = PBXBuildFile; fileRef = 0C0D207C21D658D7006E1C55 /* AppDelegate.swift */; };
		0C0D207F21D658D7006E1C55 /* ViewController.swift in Sources */ = {isa = PBXBuildFile; fileRef = 0C0D207E21D658D7006E1C55 /* ViewController.swift */; };
		0C0D208221D658D7006E1C55 /* Main.storyboard in Resources */ = {isa = PBXBuildFile; fileRef = 0C0D208021D658D7006E1C55 /* Main.storyboard */; };
		0C0D208421D658D8006E1C55 /* Assets.xcassets in Resources */ = {isa = PBXBuildFile; fileRef = 0C0D208321D658D8006E1C55 /* Assets.xcassets */; };
		0C0D208721D658D8006E1C55 /* LaunchScreen.storyboard in Resources */ = {isa = PBXBuildFile; fileRef = 0C0D208521D658D8006E1C55 /* LaunchScreen.storyboard */; };
		71E1E520A5A296083F0D30A2 /* Pods_CrashlyticsDemoApp.framework in Frameworks */ = {isa = PBXBuildFile; fileRef = 43E29D90D8EA5CFD38704DA0 /* Pods_CrashlyticsDemoApp.framework */; };
/* End PBXBuildFile section */

/* Begin PBXFileReference section */
		0C0D207921D658D7006E1C55 /* CrashlyticsDemoApp.app */ = {isa = PBXFileReference; explicitFileType = wrapper.application; includeInIndex = 0; path = CrashlyticsDemoApp.app; sourceTree = BUILT_PRODUCTS_DIR; };
		0C0D207C21D658D7006E1C55 /* AppDelegate.swift */ = {isa = PBXFileReference; lastKnownFileType = sourcecode.swift; path = AppDelegate.swift; sourceTree = "<group>"; };
		0C0D207E21D658D7006E1C55 /* ViewController.swift */ = {isa = PBXFileReference; lastKnownFileType = sourcecode.swift; path = ViewController.swift; sourceTree = "<group>"; };
		0C0D208121D658D7006E1C55 /* Base */ = {isa = PBXFileReference; lastKnownFileType = file.storyboard; name = Base; path = Base.lproj/Main.storyboard; sourceTree = "<group>"; };
		0C0D208321D658D8006E1C55 /* Assets.xcassets */ = {isa = PBXFileReference; lastKnownFileType = folder.assetcatalog; path = Assets.xcassets; sourceTree = "<group>"; };
		0C0D208621D658D8006E1C55 /* Base */ = {isa = PBXFileReference; lastKnownFileType = file.storyboard; name = Base; path = Base.lproj/LaunchScreen.storyboard; sourceTree = "<group>"; };
		0C0D208821D658D8006E1C55 /* Info.plist */ = {isa = PBXFileReference; lastKnownFileType = text.plist.xml; path = Info.plist; sourceTree = "<group>"; };
		11D05814FD88EE7C11D36E46 /* Pods-CrashlyticsDemoApp.release.xcconfig */ = {isa = PBXFileReference; includeInIndex = 1; lastKnownFileType = text.xcconfig; name = "Pods-CrashlyticsDemoApp.release.xcconfig"; path = "Pods/Target Support Files/Pods-CrashlyticsDemoApp/Pods-CrashlyticsDemoApp.release.xcconfig"; sourceTree = "<group>"; };
		43E29D90D8EA5CFD38704DA0 /* Pods_CrashlyticsDemoApp.framework */ = {isa = PBXFileReference; explicitFileType = wrapper.framework; includeInIndex = 0; path = Pods_CrashlyticsDemoApp.framework; sourceTree = BUILT_PRODUCTS_DIR; };
		D6A58E2F593AC249B0CEB6EF /* Pods-CrashlyticsDemoApp.debug.xcconfig */ = {isa = PBXFileReference; includeInIndex = 1; lastKnownFileType = text.xcconfig; name = "Pods-CrashlyticsDemoApp.debug.xcconfig"; path = "Pods/Target Support Files/Pods-CrashlyticsDemoApp/Pods-CrashlyticsDemoApp.debug.xcconfig"; sourceTree = "<group>"; };
/* End PBXFileReference section */

/* Begin PBXFrameworksBuildPhase section */
		0C0D207621D658D7006E1C55 /* Frameworks */ = {
			isa = PBXFrameworksBuildPhase;
			buildActionMask = 2147483647;
			files = (
				71E1E520A5A296083F0D30A2 /* Pods_CrashlyticsDemoApp.framework in Frameworks */,
			);
			runOnlyForDeploymentPostprocessing = 0;
		};
/* End PBXFrameworksBuildPhase section */

/* Begin PBXGroup section */
		0C0D207021D658D7006E1C55 = {
			isa = PBXGroup;
			children = (
				0C0D207B21D658D7006E1C55 /* CrashlyticsDemoApp */,
				0C0D207A21D658D7006E1C55 /* Products */,
				F6A22D01DB6F08CAF897F82E /* Pods */,
				C2D6BBB36D3B3799434020D6 /* Frameworks */,
			);
			sourceTree = "<group>";
		};
		0C0D207A21D658D7006E1C55 /* Products */ = {
			isa = PBXGroup;
			children = (
				0C0D207921D658D7006E1C55 /* CrashlyticsDemoApp.app */,
			);
			name = Products;
			sourceTree = "<group>";
		};
		0C0D207B21D658D7006E1C55 /* CrashlyticsDemoApp */ = {
			isa = PBXGroup;
			children = (
				0C0D207C21D658D7006E1C55 /* AppDelegate.swift */,
				0C0D207E21D658D7006E1C55 /* ViewController.swift */,
				0C0D208021D658D7006E1C55 /* Main.storyboard */,
				0C0D208321D658D8006E1C55 /* Assets.xcassets */,
				0C0D208521D658D8006E1C55 /* LaunchScreen.storyboard */,
				0C0D208821D658D8006E1C55 /* Info.plist */,
			);
			path = CrashlyticsDemoApp;
			sourceTree = "<group>";
		};
		C2D6BBB36D3B3799434020D6 /* Frameworks */ = {
			isa = PBXGroup;
			children = (
				43E29D90D8EA5CFD38704DA0 /* Pods_CrashlyticsDemoApp.framework */,
			);
			name = Frameworks;
			sourceTree = "<group>";
		};
		F6A22D01DB6F08CAF897F82E /* Pods */ = {
			isa = PBXGroup;
			children = (
				D6A58E2F593AC249B0CEB6EF /* Pods-CrashlyticsDemoApp.debug.xcconfig */,
				11D05814FD88EE7C11D36E46 /* Pods-CrashlyticsDemoApp.release.xcconfig */,
			);
			name = Pods;
			sourceTree = "<group>";
		};
/* End PBXGroup section */

/* Begin PBXNativeTarget section */
		0C0D207821D658D7006E1C55 /* CrashlyticsDemoApp */ = {
			isa = PBXNativeTarget;
			buildConfigurationList = 0C0D208B21D658D8006E1C55 /* Build configuration list for PBXNativeTarget "CrashlyticsDemoApp" */;
			buildPhases = (
				C9D6777B91DB432ED8A70FDF /* [CP] Check Pods Manifest.lock */,
				0C0D207521D658D7006E1C55 /* Sources */,
				0C0D207621D658D7006E1C55 /* Frameworks */,
				0C0D207721D658D7006E1C55 /* Resources */,
			);
			buildRules = (
			);
			dependencies = (
			);
			name = CrashlyticsDemoApp;
			productName = CrashlyticsDemoApp;
			productReference = 0C0D207921D658D7006E1C55 /* CrashlyticsDemoApp.app */;
			productType = "com.apple.product-type.application";
		};
/* End PBXNativeTarget section */

/* Begin PBXProject section */
		0C0D207121D658D7006E1C55 /* Project object */ = {
			isa = PBXProject;
			attributes = {
				LastSwiftUpdateCheck = 1000;
				LastUpgradeCheck = 1000;
				ORGANIZATIONNAME = Vikash;
				TargetAttributes = {
					0C0D207821D658D7006E1C55 = {
						CreatedOnToolsVersion = 10.0;
					};
				};
			};
			buildConfigurationList = 0C0D207421D658D7006E1C55 /* Build configuration list for PBXProject "CrashlyticsDemoApp" */;
			compatibilityVersion = "Xcode 9.3";
			developmentRegion = en;
			hasScannedForEncodings = 0;
			knownRegions = (
				en,
				Base,
			);
			mainGroup = 0C0D207021D658D7006E1C55;
			productRefGroup = 0C0D207A21D658D7006E1C55 /* Products */;
			projectDirPath = "";
			projectRoot = "";
			targets = (
				0C0D207821D658D7006E1C55 /* CrashlyticsDemoApp */,
			);
		};
/* End PBXProject section */

/* Begin PBXResourcesBuildPhase section */
		0C0D207721D658D7006E1C55 /* Resources */ = {
			isa = PBXResourcesBuildPhase;
			buildActionMask = 2147483647;
			files = (
				0C0D208721D658D8006E1C55 /* LaunchScreen.storyboard in Resources */,
				0C0D208421D658D8006E1C55 /* Assets.xcassets in Resources */,
				0C0D208221D658D7006E1C55 /* Main.storyboard in Resources */,
			);
			runOnlyForDeploymentPostprocessing = 0;
		};
/* End PBXResourcesBuildPhase section */

/* Begin PBXShellScriptBuildPhase section */
		C9D6777B91DB432ED8A70FDF /* [CP] Check Pods Manifest.lock */ = {
			isa = PBXShellScriptBuildPhase;
			buildActionMask = 2147483647;
			files = (
			);
			inputFileListPaths = (
			);
			inputPaths = (
				"${PODS_PODFILE_DIR_PATH}/Podfile.lock",
				"${PODS_ROOT}/Manifest.lock",
			);
			name = "[CP] Check Pods Manifest.lock";
			outputFileListPaths = (
			);
			outputPaths = (
				"$(DERIVED_FILE_DIR)/Pods-CrashlyticsDemoApp-checkManifestLockResult.txt",
			);
			runOnlyForDeploymentPostprocessing = 0;
			shellPath = /bin/sh;
			shellScript = "diff \"${PODS_PODFILE_DIR_PATH}/Podfile.lock\" \"${PODS_ROOT}/Manifest.lock\" > /dev/null\nif [ $? != 0 ] ; then\n    # print error to STDERR\n    echo \"error: The sandbox is not in sync with the Podfile.lock. Run 'pod install' or update your CocoaPods installation.\" >&2\n    exit 1\nfi\n# This output is used by Xcode 'outputs' to avoid re-running this script phase.\necho \"SUCCESS\" > \"${SCRIPT_OUTPUT_FILE_0}\"\n";
			showEnvVarsInLog = 0;
		};
/* End PBXShellScriptBuildPhase section */

/* Begin PBXSourcesBuildPhase section */
		0C0D207521D658D7006E1C55 /* Sources */ = {
			isa = PBXSourcesBuildPhase;
			buildActionMask = 2147483647;
			files = (
				0C0D207F21D658D7006E1C55 /* ViewController.swift in Sources */,
				0C0D207D21D658D7006E1C55 /* AppDelegate.swift in Sources */,
			);
			runOnlyForDeploymentPostprocessing = 0;
		};
/* End PBXSourcesBuildPhase section */

/* Begin PBXVariantGroup section */
		0C0D208021D658D7006E1C55 /* Main.storyboard */ = {
			isa = PBXVariantGroup;
			children = (
				0C0D208121D658D7006E1C55 /* Base */,
			);
			name = Main.storyboard;
			sourceTree = "<group>";
		};
		0C0D208521D658D8006E1C55 /* LaunchScreen.storyboard */ = {
			isa = PBXVariantGroup;
			children = (
				0C0D208621D658D8006E1C55 /* Base */,
			);
			name = LaunchScreen.storyboard;
			sourceTree = "<group>";
		};
/* End PBXVariantGroup section */

/* Begin XCBuildConfiguration section */
		0C0D208921D658D8006E1C55 /* Debug */ = {
			isa = XCBuildConfiguration;
			buildSettings = {
				ALWAYS_SEARCH_USER_PATHS = NO;
				CLANG_ANALYZER_NONNULL = YES;
				CLANG_ANALYZER_NUMBER_OBJECT_CONVERSION = YES_AGGRESSIVE;
				CLANG_CXX_LANGUAGE_STANDARD = "gnu++14";
				CLANG_CXX_LIBRARY = "libc++";
				CLANG_ENABLE_MODULES = YES;
				CLANG_ENABLE_OBJC_ARC = YES;
				CLANG_ENABLE_OBJC_WEAK = YES;
				CLANG_WARN_BLOCK_CAPTURE_AUTORELEASING = YES;
				CLANG_WARN_BOOL_CONVERSION = YES;
				CLANG_WARN_COMMA = YES;
				CLANG_WARN_CONSTANT_CONVERSION = YES;
				CLANG_WARN_DEPRECATED_OBJC_IMPLEMENTATIONS = YES;
				CLANG_WARN_DIRECT_OBJC_ISA_USAGE = YES_ERROR;
				CLANG_WARN_DOCUMENTATION_COMMENTS = YES;
				CLANG_WARN_EMPTY_BODY = YES;
				CLANG_WARN_ENUM_CONVERSION = YES;
				CLANG_WARN_INFINITE_RECURSION = YES;
				CLANG_WARN_INT_CONVERSION = YES;
				CLANG_WARN_NON_LITERAL_NULL_CONVERSION = YES;
				CLANG_WARN_OBJC_IMPLICIT_RETAIN_SELF = YES;
				CLANG_WARN_OBJC_LITERAL_CONVERSION = YES;
				CLANG_WARN_OBJC_ROOT_CLASS = YES_ERROR;
				CLANG_WARN_RANGE_LOOP_ANALYSIS = YES;
				CLANG_WARN_STRICT_PROTOTYPES = YES;
				CLANG_WARN_SUSPICIOUS_MOVE = YES;
				CLANG_WARN_UNGUARDED_AVAILABILITY = YES_AGGRESSIVE;
				CLANG_WARN_UNREACHABLE_CODE = YES;
				CLANG_WARN__DUPLICATE_METHOD_MATCH = YES;
				CODE_SIGN_IDENTITY = "iPhone Developer";
				COPY_PHASE_STRIP = NO;
				DEBUG_INFORMATION_FORMAT = dwarf;
				ENABLE_STRICT_OBJC_MSGSEND = YES;
				ENABLE_TESTABILITY = YES;
				GCC_C_LANGUAGE_STANDARD = gnu11;
				GCC_DYNAMIC_NO_PIC = NO;
				GCC_NO_COMMON_BLOCKS = YES;
				GCC_OPTIMIZATION_LEVEL = 0;
				GCC_PREPROCESSOR_DEFINITIONS = (
					"DEBUG=1",
					"$(inherited)",
				);
				GCC_WARN_64_TO_32_BIT_CONVERSION = YES;
				GCC_WARN_ABOUT_RETURN_TYPE = YES_ERROR;
				GCC_WARN_UNDECLARED_SELECTOR = YES;
				GCC_WARN_UNINITIALIZED_AUTOS = YES_AGGRESSIVE;
				GCC_WARN_UNUSED_FUNCTION = YES;
				GCC_WARN_UNUSED_VARIABLE = YES;
				IPHONEOS_DEPLOYMENT_TARGET = 12.0;
				MTL_ENABLE_DEBUG_INFO = INCLUDE_SOURCE;
				MTL_FAST_MATH = YES;
				ONLY_ACTIVE_ARCH = YES;
				SDKROOT = iphoneos;
				SWIFT_ACTIVE_COMPILATION_CONDITIONS = DEBUG;
				SWIFT_OPTIMIZATION_LEVEL = "-Onone";
			};
			name = Debug;
		};
		0C0D208A21D658D8006E1C55 /* Release */ = {
			isa = XCBuildConfiguration;
			buildSettings = {
				ALWAYS_SEARCH_USER_PATHS = NO;
				CLANG_ANALYZER_NONNULL = YES;
				CLANG_ANALYZER_NUMBER_OBJECT_CONVERSION = YES_AGGRESSIVE;
				CLANG_CXX_LANGUAGE_STANDARD = "gnu++14";
				CLANG_CXX_LIBRARY = "libc++";
				CLANG_ENABLE_MODULES = YES;
				CLANG_ENABLE_OBJC_ARC = YES;
				CLANG_ENABLE_OBJC_WEAK = YES;
				CLANG_WARN_BLOCK_CAPTURE_AUTORELEASING = YES;
				CLANG_WARN_BOOL_CONVERSION = YES;
				CLANG_WARN_COMMA = YES;
				CLANG_WARN_CONSTANT_CONVERSION = YES;
				CLANG_WARN_DEPRECATED_OBJC_IMPLEMENTATIONS = YES;
				CLANG_WARN_DIRECT_OBJC_ISA_USAGE = YES_ERROR;
				CLANG_WARN_DOCUMENTATION_COMMENTS = YES;
				CLANG_WARN_EMPTY_BODY = YES;
				CLANG_WARN_ENUM_CONVERSION = YES;
				CLANG_WARN_INFINITE_RECURSION = YES;
				CLANG_WARN_INT_CONVERSION = YES;
				CLANG_WARN_NON_LITERAL_NULL_CONVERSION = YES;
				CLANG_WARN_OBJC_IMPLICIT_RETAIN_SELF = YES;
				CLANG_WARN_OBJC_LITERAL_CONVERSION = YES;
				CLANG_WARN_OBJC_ROOT_CLASS = YES_ERROR;
				CLANG_WARN_RANGE_LOOP_ANALYSIS = YES;
				CLANG_WARN_STRICT_PROTOTYPES = YES;
				CLANG_WARN_SUSPICIOUS_MOVE = YES;
				CLANG_WARN_UNGUARDED_AVAILABILITY = YES_AGGRESSIVE;
				CLANG_WARN_UNREACHABLE_CODE = YES;
				CLANG_WARN__DUPLICATE_METHOD_MATCH = YES;
				CODE_SIGN_IDENTITY = "iPhone Developer";
				COPY_PHASE_STRIP = NO;
				DEBUG_INFORMATION_FORMAT = "dwarf-with-dsym";
				ENABLE_NS_ASSERTIONS = NO;
				ENABLE_STRICT_OBJC_MSGSEND = YES;
				GCC_C_LANGUAGE_STANDARD = gnu11;
				GCC_NO_COMMON_BLOCKS = YES;
				GCC_WARN_64_TO_32_BIT_CONVERSION = YES;
				GCC_WARN_ABOUT_RETURN_TYPE = YES_ERROR;
				GCC_WARN_UNDECLARED_SELECTOR = YES;
				GCC_WARN_UNINITIALIZED_AUTOS = YES_AGGRESSIVE;
				GCC_WARN_UNUSED_FUNCTION = YES;
				GCC_WARN_UNUSED_VARIABLE = YES;
				IPHONEOS_DEPLOYMENT_TARGET = 12.0;
				MTL_ENABLE_DEBUG_INFO = NO;
				MTL_FAST_MATH = YES;
				SDKROOT = iphoneos;
				SWIFT_COMPILATION_MODE = wholemodule;
				SWIFT_OPTIMIZATION_LEVEL = "-O";
				VALIDATE_PRODUCT = YES;
			};
			name = Release;
		};
		0C0D208C21D658D8006E1C55 /* Debug */ = {
			isa = XCBuildConfiguration;
			baseConfigurationReference = D6A58E2F593AC249B0CEB6EF /* Pods-CrashlyticsDemoApp.debug.xcconfig */;
			buildSettings = {
				ASSETCATALOG_COMPILER_APPICON_NAME = AppIcon;
				CODE_SIGN_STYLE = Automatic;
				DEVELOPMENT_TEAM = 86ZY5L27MZ;
				INFOPLIST_FILE = CrashlyticsDemoApp/Info.plist;
				LD_RUNPATH_SEARCH_PATHS = (
					"$(inherited)",
					"@executable_path/Frameworks",
				);
				PRODUCT_BUNDLE_IDENTIFIER = vikash.CrashlyticsDemoApp;
				PRODUCT_NAME = "$(TARGET_NAME)";
				SWIFT_VERSION = 4.2;
				TARGETED_DEVICE_FAMILY = "1,2";
			};
			name = Debug;
		};
		0C0D208D21D658D8006E1C55 /* Release */ = {
			isa = XCBuildConfiguration;
			baseConfigurationReference = 11D05814FD88EE7C11D36E46 /* Pods-CrashlyticsDemoApp.release.xcconfig */;
			buildSettings = {
				ASSETCATALOG_COMPILER_APPICON_NAME = AppIcon;
				CODE_SIGN_STYLE = Automatic;
				DEVELOPMENT_TEAM = 86ZY5L27MZ;
				INFOPLIST_FILE = CrashlyticsDemoApp/Info.plist;
				LD_RUNPATH_SEARCH_PATHS = (
					"$(inherited)",
					"@executable_path/Frameworks",
				);
				PRODUCT_BUNDLE_IDENTIFIER = vikash.CrashlyticsDemoApp;
				PRODUCT_NAME = "$(TARGET_NAME)";
				SWIFT_VERSION = 4.2;
				TARGETED_DEVICE_FAMILY = "1,2";
			};
			name = Release;
		};
/* End XCBuildConfiguration section */

/* Begin XCConfigurationList section */
		0C0D207421D658D7006E1C55 /* Build configuration list for PBXProject "CrashlyticsDemoApp" */ = {
			isa = XCConfigurationList;
			buildConfigurations = (
				0C0D208921D658D8006E1C55 /* Debug */,
				0C0D208A21D658D8006E1C55 /* Release */,
			);
			defaultConfigurationIsVisible = 0;
			defaultConfigurationName = Release;
		};
		0C0D208B21D658D8006E1C55 /* Build configuration list for PBXNativeTarget "CrashlyticsDemoApp" */ = {
			isa = XCConfigurationList;
			buildConfigurations = (
				0C0D208C21D658D8006E1C55 /* Debug */,
				0C0D208D21D658D8006E1C55 /* Release */,
			);
			defaultConfigurationIsVisible = 0;
			defaultConfigurationName = Release;
		};
/* End XCConfigurationList section */
	};
	rootObject = 0C0D207121D658D7006E1C55 /* Project object */;
}
